
Microsoft Visual Studio Solution File, Format Version 12.00
# Visual Studio Version 16
VisualStudioVersion = 16.0.30803.129
MinimumVisualStudioVersion = 10.0.40219.1
Project("{2150E333-8FDC-42A3-9474-1A3956D46DE8}") = "src", "src", "{2B041430-3BEB-4847-A29B-50E0FBB0ED9F}"
EndProject
Project("{2150E333-8FDC-42A3-9474-1A3956D46DE8}") = "test", "test", "{7AEB0C08-A5E0-4D6D-98C8-CA686A4F2BCD}"
	ProjectSection(SolutionItems) = preProject
		test\Readme.txt = test\Readme.txt
	EndProjectSection
EndProject
Project("{9A19103F-16F7-4668-BE54-9A1E7A4F7556}") = "PolarTFIDF", "src\PolarTFIDF.csproj", "{7385059C-AE92-49D0-889C-291054BADA2C}"
EndProject
Project("{2150E333-8FDC-42A3-9474-1A3956D46DE8}") = "Solution Items", "Solution Items", "{DF05BAC5-D31F-4940-A5E6-B3EFAEB50758}"
	ProjectSection(SolutionItems) = preProject
		README.md = README.md
	EndProjectSection
EndProject
Project("{9A19103F-16F7-4668-BE54-9A1E7A4F7556}") = "Polar.TFIDF.Lib.Tests", "test\Polar.TFIDF.Lib.Tests\Polar.TFIDF.Lib.Tests.csproj", "{8C0714F5-CB0A-48F3-A1BC-1FC7FAFCBF90}"
EndProject
Project("{FAE04EC0-301F-11D3-BF4B-00C04F79EFBC}") = "TestingConsoleProject", "TestingConsoleProject\TestingConsoleProject.csproj", "{539672BC-FB60-47CF-A69B-E94A8ABCD456}"
EndProject
Global
	GlobalSection(SolutionConfigurationPlatforms) = preSolution
		Debug|Any CPU = Debug|Any CPU
		Release|Any CPU = Release|Any CPU
	EndGlobalSection
	GlobalSection(ProjectConfigurationPlatforms) = postSolution
		{7385059C-AE92-49D0-889C-291054BADA2C}.Debug|Any CPU.ActiveCfg = Debug|Any CPU
		{7385059C-AE92-49D0-889C-291054BADA2C}.Debug|Any CPU.Build.0 = Debug|Any CPU
		{7385059C-AE92-49D0-889C-291054BADA2C}.Release|Any CPU.ActiveCfg = Release|Any CPU
		{7385059C-AE92-49D0-889C-291054BADA2C}.Release|Any CPU.Build.0 = Release|Any CPU
		{8C0714F5-CB0A-48F3-A1BC-1FC7FAFCBF90}.Debug|Any CPU.ActiveCfg = Debug|Any CPU
		{8C0714F5-CB0A-48F3-A1BC-1FC7FAFCBF90}.Debug|Any CPU.Build.0 = Debug|Any CPU
		{8C0714F5-CB0A-48F3-A1BC-1FC7FAFCBF90}.Release|Any CPU.ActiveCfg = Release|Any CPU
		{8C0714F5-CB0A-48F3-A1BC-1FC7FAFCBF90}.Release|Any CPU.Build.0 = Release|Any CPU
		{539672BC-FB60-47CF-A69B-E94A8ABCD456}.Debug|Any CPU.ActiveCfg = Debug|Any CPU
		{539672BC-FB60-47CF-A69B-E94A8ABCD456}.Debug|Any CPU.Build.0 = Debug|Any CPU
		{539672BC-FB60-47CF-A69B-E94A8ABCD456}.Release|Any CPU.ActiveCfg = Release|Any CPU
		{539672BC-FB60-47CF-A69B-E94A8ABCD456}.Release|Any CPU.Build.0 = Release|Any CPU
	EndGlobalSection
	GlobalSection(SolutionProperties) = preSolution
		HideSolutionNode = FALSE
	EndGlobalSection
	GlobalSection(NestedProjects) = preSolution
		{7385059C-AE92-49D0-889C-291054BADA2C} = {2B041430-3BEB-4847-A29B-50E0FBB0ED9F}
		{8C0714F5-CB0A-48F3-A1BC-1FC7FAFCBF90} = {7AEB0C08-A5E0-4D6D-98C8-CA686A4F2BCD}
	EndGlobalSection
	GlobalSection(ExtensibilityGlobals) = postSolution
		SolutionGuid = {29F13573-4661-4C6F-B103-4798847EAA59}
	EndGlobalSection
EndGlobal
